
Microsoft Visual Studio Solution File, Format Version 12.00
# Visual Studio Version 17
VisualStudioVersion = 17.3.32804.467
MinimumVisualStudioVersion = 10.0.40219.1
Project("{9A19103F-16F7-4668-BE54-9A1E7A4F7556}") = "NPUAuthenticator", "NPUAuthenticator\NPUAuthenticator.csproj", "{C791437E-CA29-4724-8449-EE81698DBFB6}"
EndProject
Project("{9A19103F-16F7-4668-BE54-9A1E7A4F7556}") = "AuthenticationService", "..\..\Modules\Services\AuthenticationService\AuthenticationService.csproj", "{B4F712D4-9A8D-49D9-ACA8-1C4BBF2720A5}"
EndProject
Project("{9A19103F-16F7-4668-BE54-9A1E7A4F7556}") = "RegistrationService", "..\..\Modules\Services\RegistrationService\RegistrationService.csproj", "{103D9EF0-2451-4DD7-9FCD-8CD6D32D92FC}"
EndProject
Project("{FAE04EC0-301F-11D3-BF4B-00C04F79EFBC}") = "FileIOHelpers", "..\..\Modules\Utils\FileIOHelpers\FileIOHelpers.csproj", "{835A8045-7CAD-416E-B1A5-4ED16A3CC635}"
EndProject
Project("{9A19103F-16F7-4668-BE54-9A1E7A4F7556}") = "EncriptionServices", "..\..\Modules\Utils\EncriptionServices\EncriptionServices.csproj", "{6A97376C-257C-428D-9C34-5E127AFFACB9}"
EndProject
Global
	GlobalSection(SolutionConfigurationPlatforms) = preSolution
		Debug|Any CPU = Debug|Any CPU
		Release|Any CPU = Release|Any CPU
	EndGlobalSection
	GlobalSection(ProjectConfigurationPlatforms) = postSolution
		{C791437E-CA29-4724-8449-EE81698DBFB6}.Debug|Any CPU.ActiveCfg = Debug|Any CPU
		{C791437E-CA29-4724-8449-EE81698DBFB6}.Debug|Any CPU.Build.0 = Debug|Any CPU
		{C791437E-CA29-4724-8449-EE81698DBFB6}.Release|Any CPU.ActiveCfg = Release|Any CPU
		{C791437E-CA29-4724-8449-EE81698DBFB6}.Release|Any CPU.Build.0 = Release|Any CPU
		{B4F712D4-9A8D-49D9-ACA8-1C4BBF2720A5}.Debug|Any CPU.ActiveCfg = Debug|Any CPU
		{B4F712D4-9A8D-49D9-ACA8-1C4BBF2720A5}.Debug|Any CPU.Build.0 = Debug|Any CPU
		{B4F712D4-9A8D-49D9-ACA8-1C4BBF2720A5}.Release|Any CPU.ActiveCfg = Release|Any CPU
		{B4F712D4-9A8D-49D9-ACA8-1C4BBF2720A5}.Release|Any CPU.Build.0 = Release|Any CPU
		{103D9EF0-2451-4DD7-9FCD-8CD6D32D92FC}.Debug|Any CPU.ActiveCfg = Debug|Any CPU
		{103D9EF0-2451-4DD7-9FCD-8CD6D32D92FC}.Debug|Any CPU.Build.0 = Debug|Any CPU
		{103D9EF0-2451-4DD7-9FCD-8CD6D32D92FC}.Release|Any CPU.ActiveCfg = Release|Any CPU
		{103D9EF0-2451-4DD7-9FCD-8CD6D32D92FC}.Release|Any CPU.Build.0 = Release|Any CPU
		{835A8045-7CAD-416E-B1A5-4ED16A3CC635}.Debug|Any CPU.ActiveCfg = Debug|Any CPU
		{835A8045-7CAD-416E-B1A5-4ED16A3CC635}.Debug|Any CPU.Build.0 = Debug|Any CPU
		{835A8045-7CAD-416E-B1A5-4ED16A3CC635}.Release|Any CPU.ActiveCfg = Release|Any CPU
		{835A8045-7CAD-416E-B1A5-4ED16A3CC635}.Release|Any CPU.Build.0 = Release|Any CPU
		{6A97376C-257C-428D-9C34-5E127AFFACB9}.Debug|Any CPU.ActiveCfg = Debug|Any CPU
		{6A97376C-257C-428D-9C34-5E127AFFACB9}.Debug|Any CPU.Build.0 = Debug|Any CPU
		{6A97376C-257C-428D-9C34-5E127AFFACB9}.Release|Any CPU.ActiveCfg = Release|Any CPU
		{6A97376C-257C-428D-9C34-5E127AFFACB9}.Release|Any CPU.Build.0 = Release|Any CPU
	EndGlobalSection
	GlobalSection(SolutionProperties) = preSolution
		HideSolutionNode = FALSE
	EndGlobalSection
	GlobalSection(ExtensibilityGlobals) = postSolution
		SolutionGuid = {120DFAD4-572D-4B20-8079-2C4CE131AB35}
	EndGlobalSection
EndGlobal
