
Microsoft Visual Studio Solution File, Format Version 12.00
# Visual Studio Version 17
VisualStudioVersion = 17.0.31611.283
MinimumVisualStudioVersion = 10.0.40219.1
Project("{9A19103F-16F7-4668-BE54-9A1E7A4F7556}") = "NPUMobileFrontend", "NPUMobileFrontend\NPUMobileFrontend.csproj", "{1F7C1FDA-B5A6-487B-80B4-6B25F4E0D393}"
EndProject
Project("{9A19103F-16F7-4668-BE54-9A1E7A4F7556}") = "LoginPage", "..\..\Modules\GUI\Pages\LoginPage\LoginPage.csproj", "{3974802C-E9B8-40CB-B39D-3F7ADF4F836E}"
EndProject
Project("{9A19103F-16F7-4668-BE54-9A1E7A4F7556}") = "ClientInterfaces", "..\..\Modules\Interfaces\ClientInterfaces\ClientInterfaces.csproj", "{DD26AA84-D865-4CB8-A37E-AB176EC28C91}"
EndProject
Project("{9A19103F-16F7-4668-BE54-9A1E7A4F7556}") = "AuthenticatorClient", "..\..\Modules\Clients\AuthenticatorClient\AuthenticatorClient.csproj", "{297BCCBE-6EF4-4C76-B360-C4E00B434DE9}"
EndProject
Project("{9A19103F-16F7-4668-BE54-9A1E7A4F7556}") = "EncriptionServices", "..\..\Modules\Utils\EncriptionServices\EncriptionServices.csproj", "{F27CFE6A-06D7-4FFE-9869-8860CB07C88A}"
EndProject
Project("{9A19103F-16F7-4668-BE54-9A1E7A4F7556}") = "RegistrationClient", "..\..\Modules\Clients\RegistrationClient\RegistrationClient.csproj", "{466E1C68-4366-42E8-91BB-94FD9A2CE7AA}"
EndProject
Project("{2150E333-8FDC-42A3-9474-1A3956D46DE8}") = "Clients", "Clients", "{9E744677-FAD8-455F-A612-D2E313C39E59}"
EndProject
Project("{9A19103F-16F7-4668-BE54-9A1E7A4F7556}") = "ImageDataClient", "..\..\Modules\Clients\ImageDataClient\ImageDataClient.csproj", "{FC33CBC9-21A7-460A-BA88-18F193FF1D0F}"
EndProject
Project("{2150E333-8FDC-42A3-9474-1A3956D46DE8}") = "Interfaces", "Interfaces", "{898D9AD0-F2FA-4C95-8164-C755FB0834D4}"
EndProject
Project("{2150E333-8FDC-42A3-9474-1A3956D46DE8}") = "Utils", "Utils", "{E69FA3AF-5A35-4168-813D-F17615BAC72A}"
EndProject
Project("{2150E333-8FDC-42A3-9474-1A3956D46DE8}") = "Pages", "Pages", "{6505C54A-D29C-4311-8CEF-1A5B53913CCD}"
EndProject
Project("{9A19103F-16F7-4668-BE54-9A1E7A4F7556}") = "GUIConstants", "GUIConstants\GUIConstants.csproj", "{A2AD36E7-E3A6-4DA1-994A-E257AA967E62}"
EndProject
Project("{9A19103F-16F7-4668-BE54-9A1E7A4F7556}") = "HomePage", "..\..\Modules\GUI\Pages\HomePage\HomePage.csproj", "{58A266FD-2242-416C-B3B9-4A74345C858C}"
EndProject
Project("{9A19103F-16F7-4668-BE54-9A1E7A4F7556}") = "ImageUploadPage", "..\..\Modules\GUI\Pages\ImageUploadPage\ImageUploadPage.csproj", "{9A0D314B-1A6F-45BA-9D2F-F440B22407D2}"
EndProject
Project("{9A19103F-16F7-4668-BE54-9A1E7A4F7556}") = "GUIUtils", "..\..\Modules\Utils\GUIUtils\GUIUtils.csproj", "{14B465FC-DC47-4E7D-B9A0-76D91D86730B}"
EndProject
Global
	GlobalSection(SolutionConfigurationPlatforms) = preSolution
		Debug|Any CPU = Debug|Any CPU
		Release|Any CPU = Release|Any CPU
	EndGlobalSection
	GlobalSection(ProjectConfigurationPlatforms) = postSolution
		{1F7C1FDA-B5A6-487B-80B4-6B25F4E0D393}.Debug|Any CPU.ActiveCfg = Debug|Any CPU
		{1F7C1FDA-B5A6-487B-80B4-6B25F4E0D393}.Debug|Any CPU.Build.0 = Debug|Any CPU
		{1F7C1FDA-B5A6-487B-80B4-6B25F4E0D393}.Debug|Any CPU.Deploy.0 = Debug|Any CPU
		{1F7C1FDA-B5A6-487B-80B4-6B25F4E0D393}.Release|Any CPU.ActiveCfg = Release|Any CPU
		{1F7C1FDA-B5A6-487B-80B4-6B25F4E0D393}.Release|Any CPU.Build.0 = Release|Any CPU
		{1F7C1FDA-B5A6-487B-80B4-6B25F4E0D393}.Release|Any CPU.Deploy.0 = Release|Any CPU
		{3974802C-E9B8-40CB-B39D-3F7ADF4F836E}.Debug|Any CPU.ActiveCfg = Debug|Any CPU
		{3974802C-E9B8-40CB-B39D-3F7ADF4F836E}.Debug|Any CPU.Build.0 = Debug|Any CPU
		{3974802C-E9B8-40CB-B39D-3F7ADF4F836E}.Release|Any CPU.ActiveCfg = Release|Any CPU
		{3974802C-E9B8-40CB-B39D-3F7ADF4F836E}.Release|Any CPU.Build.0 = Release|Any CPU
		{DD26AA84-D865-4CB8-A37E-AB176EC28C91}.Debug|Any CPU.ActiveCfg = Debug|Any CPU
		{DD26AA84-D865-4CB8-A37E-AB176EC28C91}.Debug|Any CPU.Build.0 = Debug|Any CPU
		{DD26AA84-D865-4CB8-A37E-AB176EC28C91}.Release|Any CPU.ActiveCfg = Release|Any CPU
		{DD26AA84-D865-4CB8-A37E-AB176EC28C91}.Release|Any CPU.Build.0 = Release|Any CPU
		{297BCCBE-6EF4-4C76-B360-C4E00B434DE9}.Debug|Any CPU.ActiveCfg = Debug|Any CPU
		{297BCCBE-6EF4-4C76-B360-C4E00B434DE9}.Debug|Any CPU.Build.0 = Debug|Any CPU
		{297BCCBE-6EF4-4C76-B360-C4E00B434DE9}.Release|Any CPU.ActiveCfg = Release|Any CPU
		{297BCCBE-6EF4-4C76-B360-C4E00B434DE9}.Release|Any CPU.Build.0 = Release|Any CPU
		{F27CFE6A-06D7-4FFE-9869-8860CB07C88A}.Debug|Any CPU.ActiveCfg = Debug|Any CPU
		{F27CFE6A-06D7-4FFE-9869-8860CB07C88A}.Debug|Any CPU.Build.0 = Debug|Any CPU
		{F27CFE6A-06D7-4FFE-9869-8860CB07C88A}.Release|Any CPU.ActiveCfg = Release|Any CPU
		{F27CFE6A-06D7-4FFE-9869-8860CB07C88A}.Release|Any CPU.Build.0 = Release|Any CPU
		{466E1C68-4366-42E8-91BB-94FD9A2CE7AA}.Debug|Any CPU.ActiveCfg = Debug|Any CPU
		{466E1C68-4366-42E8-91BB-94FD9A2CE7AA}.Debug|Any CPU.Build.0 = Debug|Any CPU
		{466E1C68-4366-42E8-91BB-94FD9A2CE7AA}.Release|Any CPU.ActiveCfg = Release|Any CPU
		{466E1C68-4366-42E8-91BB-94FD9A2CE7AA}.Release|Any CPU.Build.0 = Release|Any CPU
		{FC33CBC9-21A7-460A-BA88-18F193FF1D0F}.Debug|Any CPU.ActiveCfg = Debug|Any CPU
		{FC33CBC9-21A7-460A-BA88-18F193FF1D0F}.Debug|Any CPU.Build.0 = Debug|Any CPU
		{FC33CBC9-21A7-460A-BA88-18F193FF1D0F}.Release|Any CPU.ActiveCfg = Release|Any CPU
		{FC33CBC9-21A7-460A-BA88-18F193FF1D0F}.Release|Any CPU.Build.0 = Release|Any CPU
		{A2AD36E7-E3A6-4DA1-994A-E257AA967E62}.Debug|Any CPU.ActiveCfg = Debug|Any CPU
		{A2AD36E7-E3A6-4DA1-994A-E257AA967E62}.Debug|Any CPU.Build.0 = Debug|Any CPU
		{A2AD36E7-E3A6-4DA1-994A-E257AA967E62}.Release|Any CPU.ActiveCfg = Release|Any CPU
		{A2AD36E7-E3A6-4DA1-994A-E257AA967E62}.Release|Any CPU.Build.0 = Release|Any CPU
		{58A266FD-2242-416C-B3B9-4A74345C858C}.Debug|Any CPU.ActiveCfg = Debug|Any CPU
		{58A266FD-2242-416C-B3B9-4A74345C858C}.Debug|Any CPU.Build.0 = Debug|Any CPU
		{58A266FD-2242-416C-B3B9-4A74345C858C}.Release|Any CPU.ActiveCfg = Release|Any CPU
		{58A266FD-2242-416C-B3B9-4A74345C858C}.Release|Any CPU.Build.0 = Release|Any CPU
		{9A0D314B-1A6F-45BA-9D2F-F440B22407D2}.Debug|Any CPU.ActiveCfg = Debug|Any CPU
		{9A0D314B-1A6F-45BA-9D2F-F440B22407D2}.Debug|Any CPU.Build.0 = Debug|Any CPU
		{9A0D314B-1A6F-45BA-9D2F-F440B22407D2}.Release|Any CPU.ActiveCfg = Release|Any CPU
		{9A0D314B-1A6F-45BA-9D2F-F440B22407D2}.Release|Any CPU.Build.0 = Release|Any CPU
		{14B465FC-DC47-4E7D-B9A0-76D91D86730B}.Debug|Any CPU.ActiveCfg = Debug|Any CPU
		{14B465FC-DC47-4E7D-B9A0-76D91D86730B}.Debug|Any CPU.Build.0 = Debug|Any CPU
		{14B465FC-DC47-4E7D-B9A0-76D91D86730B}.Release|Any CPU.ActiveCfg = Release|Any CPU
		{14B465FC-DC47-4E7D-B9A0-76D91D86730B}.Release|Any CPU.Build.0 = Release|Any CPU
	EndGlobalSection
	GlobalSection(SolutionProperties) = preSolution
		HideSolutionNode = FALSE
	EndGlobalSection
	GlobalSection(NestedProjects) = preSolution
		{3974802C-E9B8-40CB-B39D-3F7ADF4F836E} = {6505C54A-D29C-4311-8CEF-1A5B53913CCD}
		{DD26AA84-D865-4CB8-A37E-AB176EC28C91} = {898D9AD0-F2FA-4C95-8164-C755FB0834D4}
		{297BCCBE-6EF4-4C76-B360-C4E00B434DE9} = {9E744677-FAD8-455F-A612-D2E313C39E59}
		{F27CFE6A-06D7-4FFE-9869-8860CB07C88A} = {E69FA3AF-5A35-4168-813D-F17615BAC72A}
		{466E1C68-4366-42E8-91BB-94FD9A2CE7AA} = {9E744677-FAD8-455F-A612-D2E313C39E59}
		{FC33CBC9-21A7-460A-BA88-18F193FF1D0F} = {9E744677-FAD8-455F-A612-D2E313C39E59}
		{A2AD36E7-E3A6-4DA1-994A-E257AA967E62} = {E69FA3AF-5A35-4168-813D-F17615BAC72A}
		{58A266FD-2242-416C-B3B9-4A74345C858C} = {6505C54A-D29C-4311-8CEF-1A5B53913CCD}
		{9A0D314B-1A6F-45BA-9D2F-F440B22407D2} = {6505C54A-D29C-4311-8CEF-1A5B53913CCD}
		{14B465FC-DC47-4E7D-B9A0-76D91D86730B} = {E69FA3AF-5A35-4168-813D-F17615BAC72A}
	EndGlobalSection
	GlobalSection(ExtensibilityGlobals) = postSolution
		SolutionGuid = {61F7FB11-1E47-470C-91E2-47F8143E1572}
	EndGlobalSection
EndGlobal
